
Microsoft Visual Studio Solution File, Format Version 12.00
# Visual Studio 15
VisualStudioVersion = 15.0.27130.2027
MinimumVisualStudioVersion = 10.0.40219.1
Project("{FAE04EC0-301F-11D3-BF4B-00C04F79EFBC}") = "WorldCup", "WorldCup\WorldCup.csproj", "{B5F63069-036C-4F5A-BBB4-A96779F3A942}"
EndProject
Global
	GlobalSection(SolutionConfigurationPlatforms) = preSolution
		Debug|Any CPU = Debug|Any CPU
		Release|Any CPU = Release|Any CPU
	EndGlobalSection
	GlobalSection(ProjectConfigurationPlatforms) = postSolution
		{B5F63069-036C-4F5A-BBB4-A96779F3A942}.Debug|Any CPU.ActiveCfg = Debug|Any CPU
		{B5F63069-036C-4F5A-BBB4-A96779F3A942}.Debug|Any CPU.Build.0 = Debug|Any CPU
		{B5F63069-036C-4F5A-BBB4-A96779F3A942}.Release|Any CPU.ActiveCfg = Release|Any CPU
		{B5F63069-036C-4F5A-BBB4-A96779F3A942}.Release|Any CPU.Build.0 = Release|Any CPU
	EndGlobalSection
	GlobalSection(SolutionProperties) = preSolution
		HideSolutionNode = FALSE
	EndGlobalSection
	GlobalSection(ExtensibilityGlobals) = postSolution
		SolutionGuid = {A99F3948-CC85-485F-8345-6355F4A25F9A}
	EndGlobalSection
EndGlobal
